
Microsoft Visual Studio Solution File, Format Version 12.00
# Visual Studio 15
VisualStudioVersion = 15.0.28307.421
MinimumVisualStudioVersion = 10.0.40219.1
Project("{FAE04EC0-301F-11D3-BF4B-00C04F79EFBC}") = "ListOrders", "ListOrders\ListOrders.csproj", "{9F404C00-4918-43FF-8B16-6952B6A2624E}"
EndProject
Global
	GlobalSection(SolutionConfigurationPlatforms) = preSolution
		Debug|Any CPU = Debug|Any CPU
		Release|Any CPU = Release|Any CPU
	EndGlobalSection
	GlobalSection(ProjectConfigurationPlatforms) = postSolution
		{9F404C00-4918-43FF-8B16-6952B6A2624E}.Debug|Any CPU.ActiveCfg = Debug|Any CPU
		{9F404C00-4918-43FF-8B16-6952B6A2624E}.Debug|Any CPU.Build.0 = Debug|Any CPU
		{9F404C00-4918-43FF-8B16-6952B6A2624E}.Release|Any CPU.ActiveCfg = Release|Any CPU
		{9F404C00-4918-43FF-8B16-6952B6A2624E}.Release|Any CPU.Build.0 = Release|Any CPU
	EndGlobalSection
	GlobalSection(SolutionProperties) = preSolution
		HideSolutionNode = FALSE
	EndGlobalSection
	GlobalSection(ExtensibilityGlobals) = postSolution
		SolutionGuid = {6A27D65D-A81B-4654-A37E-981D097CB11B}
	EndGlobalSection
EndGlobal
